{
    "_meta": {
        "hash": {
            "sha256": "eca1d7c1fcd832b72963a6fb213ea714744653fae4129682cbe675d3307f0fe0"
        },
        "pipfile-spec": 6,
        "requires": {
            "python_version": "3.7"
        },
        "sources": [
            {
                "name": "pypi",
                "url": "https://pypi.org/simple",
                "verify_ssl": true
            }
        ]
    },
    "default": {
        "pyperclip": {
            "hashes": [
                "sha256:b75b975160428d84608c26edba2dec146e7799566aea42c1fe1b32e72b6028f2"
            ],
            "index": "pypi",
            "version": "==1.8.0"
        },
        "pyqrcode": {
            "hashes": [
                "sha256:1b2812775fa6ff5c527977c4cd2ccb07051ca7d0bc0aecf937a43864abe5eff6",
                "sha256:fdbf7634733e56b72e27f9bce46e4550b75a3a2c420414035cae9d9d26b234d5"
            ],
            "index": "pypi",
            "version": "==1.2.1"
        }
    },
    "develop": {
        "isort": {
            "hashes": [
                "sha256:2f510f34ae18a8d0958c53eec51ef84fd099f07c4c639676525acbcd7b5bd3ff",
                "sha256:dd3211f513f4a92ec1ec1876fc1dc3c686649c349d49523f5b5adbb0814e5960"
            ],
            "index": "pypi",
            "version": "==5.6.1"
        }
    }
}
