{
    "_meta": {
        "hash": {
            "sha256": "eca1d7c1fcd832b72963a6fb213ea714744653fae4129682cbe675d3307f0fe0"
        },
        "pipfile-spec": 6,
        "requires": {
            "python_version": "3.7"
        },
        "sources": [
            {
                "name": "pypi",
                "url": "https://pypi.org/simple",
                "verify_ssl": true
            }
        ]
    },
    "default": {
        "pyperclip": {
            "hashes": [
                "sha256:b75b975160428d84608c26edba2dec146e7799566aea42c1fe1b32e72b6028f2"
            ],
            "index": "pypi",
            "version": "==1.8.0"
        },
        "pyqrcode": {
            "hashes": [
                "sha256:1b2812775fa6ff5c527977c4cd2ccb07051ca7d0bc0aecf937a43864abe5eff6",
                "sha256:fdbf7634733e56b72e27f9bce46e4550b75a3a2c420414035cae9d9d26b234d5"
            ],
            "index": "pypi",
            "version": "==1.2.1"
        }
    },
    "develop": {
        "isort": {
            "hashes": [
                "sha256:9c2ea1e62d871267b78307fe511c0838ba0da28698c5732d54e2790bf3ba9899",
                "sha256:e17d6e2b81095c9db0a03a8025a957f334d6ea30b26f9ec70805411e5c7c81f2"
            ],
            "index": "pypi",
            "version": "==5.9.3"
        }
    }
}
