[[package]]
name = "isort"
version = "5.11.3"
description = "A Python utility / library to sort Python imports."
category = "dev"
optional = false
python-versions = ">=3.7.0"

[package.extras]
colors = ["colorama (>=0.4.3,<0.5.0)"]
pipfile-deprecated-finder = ["pipreqs", "requirementslib"]
plugins = ["setuptools"]
requirements-deprecated-finder = ["pip-api", "pipreqs"]

[[package]]
name = "pyperclip"
version = "1.8.2"
description = "A cross-platform clipboard module for Python. (Only handles plain text for now.)"
category = "main"
optional = false
python-versions = "*"

[[package]]
name = "pyqrcode"
version = "1.2.1"
description = "A QR code generator written purely in Python with SVG, EPS, PNG and terminal output."
category = "main"
optional = false
python-versions = "*"

[package.extras]
png = ["pypng (>=0.0.13)"]

[metadata]
lock-version = "1.1"
python-versions = "^3.7"
content-hash = "83e7724aa7c5f331d61dad6ea072d6e60b946fa724cf8881e41b03ccdc31a9bd"

[metadata.files]
isort = [
    {file = "isort-5.11.3-py3-none-any.whl", hash = "sha256:83155ffa936239d986b0f190347a3f2285f42a9b9e1725c89d865b27dd0627e5"},
    {file = "isort-5.11.3.tar.gz", hash = "sha256:a8ca25fbfad0f7d5d8447a4314837298d9f6b23aed8618584c894574f626b64b"},
]
pyperclip = [
    {file = "pyperclip-1.8.2.tar.gz", hash = "sha256:105254a8b04934f0bc84e9c24eb360a591aaf6535c9def5f29d92af107a9bf57"},
]
pyqrcode = [
    {file = "PyQRCode-1.2.1.tar.gz", hash = "sha256:fdbf7634733e56b72e27f9bce46e4550b75a3a2c420414035cae9d9d26b234d5"},
    {file = "PyQRCode-1.2.1.zip", hash = "sha256:1b2812775fa6ff5c527977c4cd2ccb07051ca7d0bc0aecf937a43864abe5eff6"},
]
